
Microsoft Visual Studio Solution File, Format Version 12.00
# Visual Studio Version 16
VisualStudioVersion = 25.0.1706.0
MinimumVisualStudioVersion = 10.0.40219.1
Project("{FAE04EC0-301F-11D3-BF4B-00C04F79EFBC}") = "ConsumerDataStandards.Core", "src\ConsumerDataStandards.Core\ConsumerDataStandards.Core.csproj", "{6DD773AE-6248-4D37-874A-4E8A215A125D}"
EndProject
Project("{FAE04EC0-301F-11D3-BF4B-00C04F79EFBC}") = "ConsumerDataStandards.Infrastructure", "src\ConsumerDataStandards.Infrastructure\ConsumerDataStandards.Infrastructure.csproj", "{91FBFCE9-3E6D-4B2F-8039-FEAD91C4BA8D}"
EndProject
Project("{2150E333-8FDC-42A3-9474-1A3956D46DE8}") = "src", "src", "{D7DF9A66-6CA2-44D8-817B-1C73234CFB67}"
EndProject
Project("{2150E333-8FDC-42A3-9474-1A3956D46DE8}") = "test", "test", "{407DDA29-428C-4308-BB85-3C8C4D415C3D}"
EndProject
Project("{FAE04EC0-301F-11D3-BF4B-00C04F79EFBC}") = "ConsumerDataStandards.API", "src\ConsumerDataStandards.API\ConsumerDataStandards.API.csproj", "{D603E79E-4D21-470A-A827-5D525C3C52AA}"
EndProject
Project("{FAE04EC0-301F-11D3-BF4B-00C04F79EFBC}") = "ConsumerDataStandards.UnitTests", "test\ConsumerDataStandards.Core.Tests\ConsumerDataStandards.UnitTests.csproj", "{D4E6326C-FCBB-4F56-AB71-4CC3C6333DC4}"
EndProject
Project("{FAE04EC0-301F-11D3-BF4B-00C04F79EFBC}") = "ConsumerDataStandards.IntegrationTests", "test\ConsumerDataStandards.IntegrationTests\ConsumerDataStandards.IntegrationTests.csproj", "{AABE3BD2-7517-4983-B39F-0D592359A362}"
EndProject
Global
	GlobalSection(SolutionConfigurationPlatforms) = preSolution
		Debug|Any CPU = Debug|Any CPU
		Release|Any CPU = Release|Any CPU
	EndGlobalSection
	GlobalSection(ProjectConfigurationPlatforms) = postSolution
		{6DD773AE-6248-4D37-874A-4E8A215A125D}.Debug|Any CPU.ActiveCfg = Debug|Any CPU
		{6DD773AE-6248-4D37-874A-4E8A215A125D}.Debug|Any CPU.Build.0 = Debug|Any CPU
		{6DD773AE-6248-4D37-874A-4E8A215A125D}.Release|Any CPU.ActiveCfg = Release|Any CPU
		{6DD773AE-6248-4D37-874A-4E8A215A125D}.Release|Any CPU.Build.0 = Release|Any CPU
		{91FBFCE9-3E6D-4B2F-8039-FEAD91C4BA8D}.Debug|Any CPU.ActiveCfg = Debug|Any CPU
		{91FBFCE9-3E6D-4B2F-8039-FEAD91C4BA8D}.Debug|Any CPU.Build.0 = Debug|Any CPU
		{91FBFCE9-3E6D-4B2F-8039-FEAD91C4BA8D}.Release|Any CPU.ActiveCfg = Release|Any CPU
		{91FBFCE9-3E6D-4B2F-8039-FEAD91C4BA8D}.Release|Any CPU.Build.0 = Release|Any CPU
		{D603E79E-4D21-470A-A827-5D525C3C52AA}.Debug|Any CPU.ActiveCfg = Debug|Any CPU
		{D603E79E-4D21-470A-A827-5D525C3C52AA}.Debug|Any CPU.Build.0 = Debug|Any CPU
		{D603E79E-4D21-470A-A827-5D525C3C52AA}.Release|Any CPU.ActiveCfg = Release|Any CPU
		{D603E79E-4D21-470A-A827-5D525C3C52AA}.Release|Any CPU.Build.0 = Release|Any CPU
		{D4E6326C-FCBB-4F56-AB71-4CC3C6333DC4}.Debug|Any CPU.ActiveCfg = Debug|Any CPU
		{D4E6326C-FCBB-4F56-AB71-4CC3C6333DC4}.Debug|Any CPU.Build.0 = Debug|Any CPU
		{D4E6326C-FCBB-4F56-AB71-4CC3C6333DC4}.Release|Any CPU.ActiveCfg = Release|Any CPU
		{D4E6326C-FCBB-4F56-AB71-4CC3C6333DC4}.Release|Any CPU.Build.0 = Release|Any CPU
		{AABE3BD2-7517-4983-B39F-0D592359A362}.Debug|Any CPU.ActiveCfg = Debug|Any CPU
		{AABE3BD2-7517-4983-B39F-0D592359A362}.Debug|Any CPU.Build.0 = Debug|Any CPU
		{AABE3BD2-7517-4983-B39F-0D592359A362}.Release|Any CPU.ActiveCfg = Release|Any CPU
		{AABE3BD2-7517-4983-B39F-0D592359A362}.Release|Any CPU.Build.0 = Release|Any CPU
	EndGlobalSection
	GlobalSection(SolutionProperties) = preSolution
		HideSolutionNode = FALSE
	EndGlobalSection
	GlobalSection(ExtensibilityGlobals) = postSolution
		SolutionGuid = {DA6EE9A0-DCA9-4C03-83EC-943140EF1BDE}
	EndGlobalSection
	GlobalSection(NestedProjects) = preSolution
		{6DD773AE-6248-4D37-874A-4E8A215A125D} = {D7DF9A66-6CA2-44D8-817B-1C73234CFB67}
		{91FBFCE9-3E6D-4B2F-8039-FEAD91C4BA8D} = {D7DF9A66-6CA2-44D8-817B-1C73234CFB67}
		{D603E79E-4D21-470A-A827-5D525C3C52AA} = {D7DF9A66-6CA2-44D8-817B-1C73234CFB67}
		{D4E6326C-FCBB-4F56-AB71-4CC3C6333DC4} = {407DDA29-428C-4308-BB85-3C8C4D415C3D}
		{AABE3BD2-7517-4983-B39F-0D592359A362} = {407DDA29-428C-4308-BB85-3C8C4D415C3D}
	EndGlobalSection
EndGlobal
